PODS:
  - Flutter (1.0.0)
  - integration_test (0.0.1):
    - Flutter
  - storekit2helper (0.0.1):
    - Flutter

DEPENDENCIES:
  - Flutter (from `Flutter`)
  - integration_test (from `.symlinks/plugins/integration_test/ios`)
  - storekit2helper (from `.symlinks/plugins/storekit2helper/ios`)

EXTERNAL SOURCES:
  Flutter:
    :path: Flutter
  integration_test:
    :path: ".symlinks/plugins/integration_test/ios"
  storekit2helper:
    :path: ".symlinks/plugins/storekit2helper/ios"

SPEC CHECKSUMS:
  Flutter: e0871f40cf51350855a761d2e70bf5af5b9b5de7
  integration_test: ce0a3ffa1de96d1a89ca0ac26fca7ea18a749ef4
  storekit2helper: 4a0fc2e2ef6e17c82faabffe243e7c9ed9bc13de

PODFILE CHECKSUM: 9c46fd01abff66081b39f5fa5767b3f1d0b11d76

COCOAPODS: 1.15.2
